
Microsoft Visual Studio Solution File, Format Version 12.00
# Visual Studio Version 17
VisualStudioVersion = 17.3.32901.215
MinimumVisualStudioVersion = 10.0.40219.1
Project("{9A19103F-16F7-4668-BE54-9A1E7A4F7556}") = "EasyExchangeRate.Console", "EasyExchangeRate.Console\EasyExchangeRate.Console.csproj", "{C3B72FBE-3B26-41BD-A52A-E3A19CDFB47D}"
EndProject
Global
	GlobalSection(SolutionConfigurationPlatforms) = preSolution
		Debug|Any CPU = Debug|Any CPU
		Release|Any CPU = Release|Any CPU
	EndGlobalSection
	GlobalSection(ProjectConfigurationPlatforms) = postSolution
		{C3B72FBE-3B26-41BD-A52A-E3A19CDFB47D}.Debug|Any CPU.ActiveCfg = Debug|Any CPU
		{C3B72FBE-3B26-41BD-A52A-E3A19CDFB47D}.Debug|Any CPU.Build.0 = Debug|Any CPU
		{C3B72FBE-3B26-41BD-A52A-E3A19CDFB47D}.Release|Any CPU.ActiveCfg = Release|Any CPU
		{C3B72FBE-3B26-41BD-A52A-E3A19CDFB47D}.Release|Any CPU.Build.0 = Release|Any CPU
	EndGlobalSection
	GlobalSection(SolutionProperties) = preSolution
		HideSolutionNode = FALSE
	EndGlobalSection
	GlobalSection(ExtensibilityGlobals) = postSolution
		SolutionGuid = {7905704F-E3B7-4743-8E07-36F9913C89EB}
	EndGlobalSection
EndGlobal
